
Microsoft Visual Studio Solution File, Format Version 12.00
# Visual Studio Version 17
VisualStudioVersion = 17.13.35818.85 d17.13
MinimumVisualStudioVersion = 10.0.40219.1
Project("{FAE04EC0-301F-11D3-BF4B-00C04F79EFBC}") = "WpfApp1", "WpfApp1\WpfApp1.csproj", "{FCAFE24D-A365-4AB5-BDE0-AC3A5E277297}"
EndProject
Global
	GlobalSection(SolutionConfigurationPlatforms) = preSolution
		Debug|Any CPU = Debug|Any CPU
		Release|Any CPU = Release|Any CPU
	EndGlobalSection
	GlobalSection(ProjectConfigurationPlatforms) = postSolution
		{FCAFE24D-A365-4AB5-BDE0-AC3A5E277297}.Debug|Any CPU.ActiveCfg = Debug|Any CPU
		{FCAFE24D-A365-4AB5-BDE0-AC3A5E277297}.Debug|Any CPU.Build.0 = Debug|Any CPU
		{FCAFE24D-A365-4AB5-BDE0-AC3A5E277297}.Release|Any CPU.ActiveCfg = Release|Any CPU
		{FCAFE24D-A365-4AB5-BDE0-AC3A5E277297}.Release|Any CPU.Build.0 = Release|Any CPU
	EndGlobalSection
	GlobalSection(SolutionProperties) = preSolution
		HideSolutionNode = FALSE
	EndGlobalSection
	GlobalSection(ExtensibilityGlobals) = postSolution
		SolutionGuid = {39BC1CFA-A231-46A7-8C03-C2E433233697}
	EndGlobalSection
EndGlobal
